{
  "version": 4,
  "terraform_version": "1.2.4",
  "serial": 261,
  "lineage": "2b560a87-917d-0c62-96d7-6eb2a626a169",
  "outputs": {
    "External_ip": {
      "value": "http://34.120.102.249",
      "type": "string"
    },
    "nginx_backend": {
      "value": "http://34.120.102.249/nginx",
      "type": "string"
    }
  },
  "resources": [
    {
      "module": "module.custom-vpc",
      "mode": "managed",
      "type": "google_compute_firewall",
      "name": "allow_health_check",
      "provider": "provider[\"registry.terraform.io/hashicorp/google\"]",
      "instances": [
        {
          "schema_version": 1,
          "attributes": {
            "allow": [
              {
                "ports": [],
                "protocol": "tcp"
              }
            ],
            "creation_timestamp": "2022-12-07T04:18:10.982-08:00",
            "deny": [],
            "description": "",
            "destination_ranges": [],
            "direction": "INGRESS",
            "disabled": false,
            "enable_logging": null,
            "id": "projects/ms-gcp-g-i-cze-d-dev/global/firewalls/test-vpc-allow-health-check",
            "log_config": [],
            "name": "test-vpc-allow-health-check",
            "network": "https://www.googleapis.com/compute/v1/projects/ms-gcp-g-i-cze-d-dev/global/networks/test-vpc",
            "priority": 1000,
            "project": "ms-gcp-g-i-cze-d-dev",
            "self_link": "https://www.googleapis.com/compute/v1/projects/ms-gcp-g-i-cze-d-dev/global/firewalls/test-vpc-allow-health-check",
            "source_ranges": [
              "130.211.0.0/22",
              "35.191.0.0/16"
            ],
            "source_service_accounts": null,
            "source_tags": null,
            "target_service_accounts": null,
            "target_tags": [
              "allow-health-check"
            ],
            "timeouts": null
          },
          "sensitive_attributes": [],
          "private": "eyJlMmJmYjczMC1lY2FhLTExZTYtOGY4OC0zNDM2M2JjN2M0YzAiOnsiY3JlYXRlIjoxMjAwMDAwMDAwMDAwLCJkZWxldGUiOjEyMDAwMDAwMDAwMDAsInVwZGF0ZSI6MTIwMDAwMDAwMDAwMH0sInNjaGVtYV92ZXJzaW9uIjoiMSJ9",
          "dependencies": [
            "module.custom-vpc.google_compute_network.terraform_vpc"
          ]
        }
      ]
    },
    {
      "module": "module.custom-vpc",
      "mode": "managed",
      "type": "google_compute_firewall",
      "name": "allow_icmp",
      "provider": "provider[\"registry.terraform.io/hashicorp/google\"]",
      "instances": [
        {
          "schema_version": 1,
          "attributes": {
            "allow": [
              {
                "ports": [],
                "protocol": "icmp"
              }
            ],
            "creation_timestamp": "2022-12-07T04:18:10.918-08:00",
            "deny": [],
            "description": "",
            "destination_ranges": [],
            "direction": "INGRESS",
            "disabled": false,
            "enable_logging": null,
            "id": "projects/ms-gcp-g-i-cze-d-dev/global/firewalls/test-vpc-allow-icmp",
            "log_config": [],
            "name": "test-vpc-allow-icmp",
            "network": "https://www.googleapis.com/compute/v1/projects/ms-gcp-g-i-cze-d-dev/global/networks/test-vpc",
            "priority": 65534,
            "project": "ms-gcp-g-i-cze-d-dev",
            "self_link": "https://www.googleapis.com/compute/v1/projects/ms-gcp-g-i-cze-d-dev/global/firewalls/test-vpc-allow-icmp",
            "source_ranges": [
              "0.0.0.0/0"
            ],
            "source_service_accounts": null,
            "source_tags": null,
            "target_service_accounts": null,
            "target_tags": [
              "allow-icmp"
            ],
            "timeouts": null
          },
          "sensitive_attributes": [],
          "private": "eyJlMmJmYjczMC1lY2FhLTExZTYtOGY4OC0zNDM2M2JjN2M0YzAiOnsiY3JlYXRlIjoxMjAwMDAwMDAwMDAwLCJkZWxldGUiOjEyMDAwMDAwMDAwMDAsInVwZGF0ZSI6MTIwMDAwMDAwMDAwMH0sInNjaGVtYV92ZXJzaW9uIjoiMSJ9",
          "dependencies": [
            "module.custom-vpc.google_compute_network.terraform_vpc"
          ]
        }
      ]
    },
    {
      "module": "module.custom-vpc",
      "mode": "managed",
      "type": "google_compute_firewall",
      "name": "allow_internal",
      "provider": "provider[\"registry.terraform.io/hashicorp/google\"]",
      "instances": [
        {
          "schema_version": 1,
          "attributes": {
            "allow": [
              {
                "ports": [],
                "protocol": "all"
              }
            ],
            "creation_timestamp": "2022-12-07T04:18:10.925-08:00",
            "deny": [],
            "description": "",
            "destination_ranges": [],
            "direction": "INGRESS",
            "disabled": false,
            "enable_logging": null,
            "id": "projects/ms-gcp-g-i-cze-d-dev/global/firewalls/test-vpc-allow-internal",
            "log_config": [],
            "name": "test-vpc-allow-internal",
            "network": "https://www.googleapis.com/compute/v1/projects/ms-gcp-g-i-cze-d-dev/global/networks/test-vpc",
            "priority": 65534,
            "project": "ms-gcp-g-i-cze-d-dev",
            "self_link": "https://www.googleapis.com/compute/v1/projects/ms-gcp-g-i-cze-d-dev/global/firewalls/test-vpc-allow-internal",
            "source_ranges": [
              "10.0.0.0/24",
              "10.1.0.0/24"
            ],
            "source_service_accounts": null,
            "source_tags": null,
            "target_service_accounts": null,
            "target_tags": null,
            "timeouts": null
          },
          "sensitive_attributes": [],
          "private": "eyJlMmJmYjczMC1lY2FhLTExZTYtOGY4OC0zNDM2M2JjN2M0YzAiOnsiY3JlYXRlIjoxMjAwMDAwMDAwMDAwLCJkZWxldGUiOjEyMDAwMDAwMDAwMDAsInVwZGF0ZSI6MTIwMDAwMDAwMDAwMH0sInNjaGVtYV92ZXJzaW9uIjoiMSJ9",
          "dependencies": [
            "module.custom-vpc.google_compute_network.terraform_vpc"
          ]
        }
      ]
    },
    {
      "module": "module.custom-vpc",
      "mode": "managed",
      "type": "google_compute_firewall",
      "name": "pre_populated",
      "provider": "provider[\"registry.terraform.io/hashicorp/google\"]",
      "instances": [
        {
          "index_key": 0,
          "schema_version": 1,
          "attributes": {
            "allow": [
              {
                "ports": [
                  "80"
                ],
                "protocol": "tcp"
              }
            ],
            "creation_timestamp": "2022-12-07T04:18:11.032-08:00",
            "deny": [],
            "description": "",
            "destination_ranges": [],
            "direction": "INGRESS",
            "disabled": false,
            "enable_logging": null,
            "id": "projects/ms-gcp-g-i-cze-d-dev/global/firewalls/test-vpc-allow-http",
            "log_config": [],
            "name": "test-vpc-allow-http",
            "network": "https://www.googleapis.com/compute/v1/projects/ms-gcp-g-i-cze-d-dev/global/networks/test-vpc",
            "priority": 65534,
            "project": "ms-gcp-g-i-cze-d-dev",
            "self_link": "https://www.googleapis.com/compute/v1/projects/ms-gcp-g-i-cze-d-dev/global/firewalls/test-vpc-allow-http",
            "source_ranges": [
              "0.0.0.0/0"
            ],
            "source_service_accounts": null,
            "source_tags": null,
            "target_service_accounts": null,
            "target_tags": [
              "allow-http"
            ],
            "timeouts": null
          },
          "sensitive_attributes": [],
          "private": "eyJlMmJmYjczMC1lY2FhLTExZTYtOGY4OC0zNDM2M2JjN2M0YzAiOnsiY3JlYXRlIjoxMjAwMDAwMDAwMDAwLCJkZWxldGUiOjEyMDAwMDAwMDAwMDAsInVwZGF0ZSI6MTIwMDAwMDAwMDAwMH0sInNjaGVtYV92ZXJzaW9uIjoiMSJ9",
          "dependencies": [
            "module.custom-vpc.google_compute_network.terraform_vpc"
          ]
        },
        {
          "index_key": 1,
          "schema_version": 1,
          "attributes": {
            "allow": [
              {
                "ports": [
                  "443"
                ],
                "protocol": "tcp"
              }
            ],
            "creation_timestamp": "2022-12-07T04:18:11.032-08:00",
            "deny": [],
            "description": "",
            "destination_ranges": [],
            "direction": "INGRESS",
            "disabled": false,
            "enable_logging": null,
            "id": "projects/ms-gcp-g-i-cze-d-dev/global/firewalls/test-vpc-allow-https",
            "log_config": [],
            "name": "test-vpc-allow-https",
            "network": "https://www.googleapis.com/compute/v1/projects/ms-gcp-g-i-cze-d-dev/global/networks/test-vpc",
            "priority": 65534,
            "project": "ms-gcp-g-i-cze-d-dev",
            "self_link": "https://www.googleapis.com/compute/v1/projects/ms-gcp-g-i-cze-d-dev/global/firewalls/test-vpc-allow-https",
            "source_ranges": [
              "0.0.0.0/0"
            ],
            "source_service_accounts": null,
            "source_tags": null,
            "target_service_accounts": null,
            "target_tags": [
              "allow-https"
            ],
            "timeouts": null
          },
          "sensitive_attributes": [],
          "private": "eyJlMmJmYjczMC1lY2FhLTExZTYtOGY4OC0zNDM2M2JjN2M0YzAiOnsiY3JlYXRlIjoxMjAwMDAwMDAwMDAwLCJkZWxldGUiOjEyMDAwMDAwMDAwMDAsInVwZGF0ZSI6MTIwMDAwMDAwMDAwMH0sInNjaGVtYV92ZXJzaW9uIjoiMSJ9",
          "dependencies": [
            "module.custom-vpc.google_compute_network.terraform_vpc"
          ]
        },
        {
          "index_key": 2,
          "schema_version": 1,
          "attributes": {
            "allow": [
              {
                "ports": [
                  "3389"
                ],
                "protocol": "tcp"
              }
            ],
            "creation_timestamp": "2022-12-07T04:18:11.166-08:00",
            "deny": [],
            "description": "",
            "destination_ranges": [],
            "direction": "INGRESS",
            "disabled": false,
            "enable_logging": null,
            "id": "projects/ms-gcp-g-i-cze-d-dev/global/firewalls/test-vpc-allow-rdp",
            "log_config": [],
            "name": "test-vpc-allow-rdp",
            "network": "https://www.googleapis.com/compute/v1/projects/ms-gcp-g-i-cze-d-dev/global/networks/test-vpc",
            "priority": 65534,
            "project": "ms-gcp-g-i-cze-d-dev",
            "self_link": "https://www.googleapis.com/compute/v1/projects/ms-gcp-g-i-cze-d-dev/global/firewalls/test-vpc-allow-rdp",
            "source_ranges": [
              "0.0.0.0/0"
            ],
            "source_service_accounts": null,
            "source_tags": null,
            "target_service_accounts": null,
            "target_tags": [
              "allow-rdp"
            ],
            "timeouts": null
          },
          "sensitive_attributes": [],
          "private": "eyJlMmJmYjczMC1lY2FhLTExZTYtOGY4OC0zNDM2M2JjN2M0YzAiOnsiY3JlYXRlIjoxMjAwMDAwMDAwMDAwLCJkZWxldGUiOjEyMDAwMDAwMDAwMDAsInVwZGF0ZSI6MTIwMDAwMDAwMDAwMH0sInNjaGVtYV92ZXJzaW9uIjoiMSJ9",
          "dependencies": [
            "module.custom-vpc.google_compute_network.terraform_vpc"
          ]
        },
        {
          "index_key": 3,
          "schema_version": 1,
          "attributes": {
            "allow": [
              {
                "ports": [
                  "22"
                ],
                "protocol": "tcp"
              }
            ],
            "creation_timestamp": "2022-12-07T04:18:10.905-08:00",
            "deny": [],
            "description": "",
            "destination_ranges": [],
            "direction": "INGRESS",
            "disabled": false,
            "enable_logging": null,
            "id": "projects/ms-gcp-g-i-cze-d-dev/global/firewalls/test-vpc-allow-ssh",
            "log_config": [],
            "name": "test-vpc-allow-ssh",
            "network": "https://www.googleapis.com/compute/v1/projects/ms-gcp-g-i-cze-d-dev/global/networks/test-vpc",
            "priority": 65534,
            "project": "ms-gcp-g-i-cze-d-dev",
            "self_link": "https://www.googleapis.com/compute/v1/projects/ms-gcp-g-i-cze-d-dev/global/firewalls/test-vpc-allow-ssh",
            "source_ranges": [
              "0.0.0.0/0"
            ],
            "source_service_accounts": null,
            "source_tags": null,
            "target_service_accounts": null,
            "target_tags": [
              "allow-ssh"
            ],
            "timeouts": null
          },
          "sensitive_attributes": [],
          "private": "eyJlMmJmYjczMC1lY2FhLTExZTYtOGY4OC0zNDM2M2JjN2M0YzAiOnsiY3JlYXRlIjoxMjAwMDAwMDAwMDAwLCJkZWxldGUiOjEyMDAwMDAwMDAwMDAsInVwZGF0ZSI6MTIwMDAwMDAwMDAwMH0sInNjaGVtYV92ZXJzaW9uIjoiMSJ9",
          "dependencies": [
            "module.custom-vpc.google_compute_network.terraform_vpc"
          ]
        }
      ]
    },
    {
      "module": "module.custom-vpc",
      "mode": "managed",
      "type": "google_compute_network",
      "name": "terraform_vpc",
      "provider": "provider[\"registry.terraform.io/hashicorp/google\"]",
      "instances": [
        {
          "schema_version": 0,
          "attributes": {
            "auto_create_subnetworks": false,
            "delete_default_routes_on_create": false,
            "description": "",
            "enable_ula_internal_ipv6": false,
            "gateway_ipv4": "",
            "id": "projects/ms-gcp-g-i-cze-d-dev/global/networks/test-vpc",
            "internal_ipv6_range": "",
            "mtu": 0,
            "name": "test-vpc",
            "project": "ms-gcp-g-i-cze-d-dev",
            "routing_mode": "REGIONAL",
            "self_link": "https://www.googleapis.com/compute/v1/projects/ms-gcp-g-i-cze-d-dev/global/networks/test-vpc",
            "timeouts": null
          },
          "sensitive_attributes": [],
          "private": "eyJlMmJmYjczMC1lY2FhLTExZTYtOGY4OC0zNDM2M2JjN2M0YzAiOnsiY3JlYXRlIjoxMjAwMDAwMDAwMDAwLCJkZWxldGUiOjEyMDAwMDAwMDAwMDAsInVwZGF0ZSI6MTIwMDAwMDAwMDAwMH19"
        }
      ]
    },
    {
      "module": "module.custom-vpc",
      "mode": "managed",
      "type": "google_compute_subnetwork",
      "name": "terraform_subnet",
      "provider": "provider[\"registry.terraform.io/hashicorp/google\"]",
      "instances": [
        {
          "index_key": 0,
          "schema_version": 0,
          "attributes": {
            "creation_timestamp": "2022-12-07T04:18:14.026-08:00",
            "description": "",
            "external_ipv6_prefix": "",
            "fingerprint": null,
            "gateway_address": "10.0.0.1",
            "id": "projects/ms-gcp-g-i-cze-d-dev/regions/europe-north1/subnetworks/vpc-sub-1",
            "ip_cidr_range": "10.0.0.0/24",
            "ipv6_access_type": "",
            "ipv6_cidr_range": "",
            "log_config": [],
            "name": "vpc-sub-1",
            "network": "https://www.googleapis.com/compute/v1/projects/ms-gcp-g-i-cze-d-dev/global/networks/test-vpc",
            "private_ip_google_access": false,
            "private_ipv6_google_access": "DISABLE_GOOGLE_ACCESS",
            "project": "ms-gcp-g-i-cze-d-dev",
            "purpose": "PRIVATE",
            "region": "europe-north1",
            "role": "",
            "secondary_ip_range": [],
            "self_link": "https://www.googleapis.com/compute/v1/projects/ms-gcp-g-i-cze-d-dev/regions/europe-north1/subnetworks/vpc-sub-1",
            "stack_type": "IPV4_ONLY",
            "timeouts": null
          },
          "sensitive_attributes": [],
          "private": "eyJlMmJmYjczMC1lY2FhLTExZTYtOGY4OC0zNDM2M2JjN2M0YzAiOnsiY3JlYXRlIjoxMjAwMDAwMDAwMDAwLCJkZWxldGUiOjEyMDAwMDAwMDAwMDAsInVwZGF0ZSI6MTIwMDAwMDAwMDAwMH19",
          "dependencies": [
            "module.custom-vpc.google_compute_network.terraform_vpc"
          ]
        },
        {
          "index_key": 1,
          "schema_version": 0,
          "attributes": {
            "creation_timestamp": "2022-12-07T04:18:12.232-08:00",
            "description": "",
            "external_ipv6_prefix": "",
            "fingerprint": null,
            "gateway_address": "10.1.0.1",
            "id": "projects/ms-gcp-g-i-cze-d-dev/regions/us-west1/subnetworks/vpc-sub-2",
            "ip_cidr_range": "10.1.0.0/24",
            "ipv6_access_type": "",
            "ipv6_cidr_range": "",
            "log_config": [],
            "name": "vpc-sub-2",
            "network": "https://www.googleapis.com/compute/v1/projects/ms-gcp-g-i-cze-d-dev/global/networks/test-vpc",
            "private_ip_google_access": false,
            "private_ipv6_google_access": "DISABLE_GOOGLE_ACCESS",
            "project": "ms-gcp-g-i-cze-d-dev",
            "purpose": "PRIVATE",
            "region": "us-west1",
            "role": "",
            "secondary_ip_range": [],
            "self_link": "https://www.googleapis.com/compute/v1/projects/ms-gcp-g-i-cze-d-dev/regions/us-west1/subnetworks/vpc-sub-2",
            "stack_type": "IPV4_ONLY",
            "timeouts": null
          },
          "sensitive_attributes": [],
          "private": "eyJlMmJmYjczMC1lY2FhLTExZTYtOGY4OC0zNDM2M2JjN2M0YzAiOnsiY3JlYXRlIjoxMjAwMDAwMDAwMDAwLCJkZWxldGUiOjEyMDAwMDAwMDAwMDAsInVwZGF0ZSI6MTIwMDAwMDAwMDAwMH19",
          "dependencies": [
            "module.custom-vpc.google_compute_network.terraform_vpc"
          ]
        }
      ]
    },
    {
      "module": "module.global-http-lb",
      "mode": "managed",
      "type": "google_compute_backend_service",
      "name": "test_backend_service",
      "provider": "provider[\"registry.terraform.io/hashicorp/google\"]",
      "instances": [
        {
          "index_key": 0,
          "schema_version": 1,
          "attributes": {
            "affinity_cookie_ttl_sec": 0,
            "backend": [
              {
                "balancing_mode": "UTILIZATION",
                "capacity_scaler": 1,
                "description": "",
                "group": "https://www.googleapis.com/compute/v1/projects/ms-gcp-g-i-cze-d-dev/zones/europe-north1-b/instanceGroups/mig-1",
                "max_connections": 0,
                "max_connections_per_endpoint": 0,
                "max_connections_per_instance": 0,
                "max_rate": 0,
                "max_rate_per_endpoint": 0,
                "max_rate_per_instance": 0,
                "max_utilization": 0
              }
            ],
            "cdn_policy": [
              {
                "cache_key_policy": [],
                "cache_mode": "CACHE_ALL_STATIC",
                "client_ttl": 3600,
                "default_ttl": 3600,
                "max_ttl": 86400,
                "negative_caching": true,
                "negative_caching_policy": [],
                "serve_while_stale": 86400,
                "signed_url_cache_max_age_sec": 0
              }
            ],
            "circuit_breakers": [],
            "compression_mode": "",
            "connection_draining_timeout_sec": 300,
            "consistent_hash": [],
            "creation_timestamp": "2022-12-07T04:19:45.013-08:00",
            "custom_request_headers": null,
            "custom_response_headers": null,
            "description": "",
            "enable_cdn": true,
            "fingerprint": "x_mZNknD7mo=",
            "health_checks": [
              "projects/ms-gcp-g-i-cze-d-dev/global/healthChecks/test-backend-http-health-check"
            ],
            "iap": [],
            "id": "projects/ms-gcp-g-i-cze-d-dev/global/backendServices/test-backend-service-1",
            "load_balancing_scheme": "EXTERNAL",
            "locality_lb_policy": "",
            "log_config": [],
            "name": "test-backend-service-1",
            "outlier_detection": [],
            "port_name": "http",
            "project": "ms-gcp-g-i-cze-d-dev",
            "protocol": "HTTP",
            "security_policy": "https://www.googleapis.com/compute/v1/projects/ms-gcp-g-i-cze-d-dev/global/securityPolicies/test-security-policy",
            "security_settings": [],
            "self_link": "https://www.googleapis.com/compute/v1/projects/ms-gcp-g-i-cze-d-dev/global/backendServices/test-backend-service-1",
            "session_affinity": "NONE",
            "timeout_sec": 30,
            "timeouts": null
          },
          "sensitive_attributes": [],
          "private": "eyJlMmJmYjczMC1lY2FhLTExZTYtOGY4OC0zNDM2M2JjN2M0YzAiOnsiY3JlYXRlIjoxMjAwMDAwMDAwMDAwLCJkZWxldGUiOjEyMDAwMDAwMDAwMDAsInVwZGF0ZSI6MTIwMDAwMDAwMDAwMH0sInNjaGVtYV92ZXJzaW9uIjoiMSJ9",
          "dependencies": [
            "module.custom-vpc.google_compute_firewall.allow_health_check",
            "module.custom-vpc.google_compute_firewall.allow_icmp",
            "module.custom-vpc.google_compute_firewall.allow_internal",
            "module.custom-vpc.google_compute_firewall.pre_populated",
            "module.custom-vpc.google_compute_network.terraform_vpc",
            "module.custom-vpc.google_compute_subnetwork.terraform_subnet",
            "module.global-http-lb.google_compute_health_check.http_health_check",
            "module.global-http-lb.google_compute_security_policy.backend_security_policy",
            "module.managed-group.google_compute_autoscaler.autoscaler",
            "module.managed-group.google_compute_instance_group_manager.terraform_instance_group",
            "module.managed-group.google_compute_instance_template.terraform_test_template"
          ]
        },
        {
          "index_key": 1,
          "schema_version": 1,
          "attributes": {
            "affinity_cookie_ttl_sec": 0,
            "backend": [
              {
                "balancing_mode": "UTILIZATION",
                "capacity_scaler": 1,
                "description": "",
                "group": "https://www.googleapis.com/compute/v1/projects/ms-gcp-g-i-cze-d-dev/zones/us-west1-b/instanceGroups/mig-2",
                "max_connections": 0,
                "max_connections_per_endpoint": 0,
                "max_connections_per_instance": 0,
                "max_rate": 0,
                "max_rate_per_endpoint": 0,
                "max_rate_per_instance": 0,
                "max_utilization": 0
              }
            ],
            "cdn_policy": [
              {
                "cache_key_policy": [],
                "cache_mode": "CACHE_ALL_STATIC",
                "client_ttl": 3600,
                "default_ttl": 3600,
                "max_ttl": 86400,
                "negative_caching": true,
                "negative_caching_policy": [],
                "serve_while_stale": 86400,
                "signed_url_cache_max_age_sec": 0
              }
            ],
            "circuit_breakers": [],
            "compression_mode": "",
            "connection_draining_timeout_sec": 300,
            "consistent_hash": [],
            "creation_timestamp": "2022-12-07T04:19:44.636-08:00",
            "custom_request_headers": null,
            "custom_response_headers": null,
            "description": "",
            "enable_cdn": true,
            "fingerprint": "5WswUs5muJ0=",
            "health_checks": [
              "projects/ms-gcp-g-i-cze-d-dev/global/healthChecks/test-backend-http-health-check"
            ],
            "iap": [],
            "id": "projects/ms-gcp-g-i-cze-d-dev/global/backendServices/test-backend-service-2",
            "load_balancing_scheme": "EXTERNAL",
            "locality_lb_policy": "",
            "log_config": [],
            "name": "test-backend-service-2",
            "outlier_detection": [],
            "port_name": "http",
            "project": "ms-gcp-g-i-cze-d-dev",
            "protocol": "HTTP",
            "security_policy": "https://www.googleapis.com/compute/v1/projects/ms-gcp-g-i-cze-d-dev/global/securityPolicies/test-security-policy",
            "security_settings": [],
            "self_link": "https://www.googleapis.com/compute/v1/projects/ms-gcp-g-i-cze-d-dev/global/backendServices/test-backend-service-2",
            "session_affinity": "NONE",
            "timeout_sec": 30,
            "timeouts": null
          },
          "sensitive_attributes": [],
          "private": "eyJlMmJmYjczMC1lY2FhLTExZTYtOGY4OC0zNDM2M2JjN2M0YzAiOnsiY3JlYXRlIjoxMjAwMDAwMDAwMDAwLCJkZWxldGUiOjEyMDAwMDAwMDAwMDAsInVwZGF0ZSI6MTIwMDAwMDAwMDAwMH0sInNjaGVtYV92ZXJzaW9uIjoiMSJ9",
          "dependencies": [
            "module.custom-vpc.google_compute_firewall.allow_health_check",
            "module.custom-vpc.google_compute_firewall.allow_icmp",
            "module.custom-vpc.google_compute_firewall.allow_internal",
            "module.custom-vpc.google_compute_firewall.pre_populated",
            "module.custom-vpc.google_compute_network.terraform_vpc",
            "module.custom-vpc.google_compute_subnetwork.terraform_subnet",
            "module.global-http-lb.google_compute_health_check.http_health_check",
            "module.global-http-lb.google_compute_security_policy.backend_security_policy",
            "module.managed-group.google_compute_autoscaler.autoscaler",
            "module.managed-group.google_compute_instance_group_manager.terraform_instance_group",
            "module.managed-group.google_compute_instance_template.terraform_test_template"
          ]
        }
      ]
    },
    {
      "module": "module.global-http-lb",
      "mode": "managed",
      "type": "google_compute_global_address",
      "name": "static_ip",
      "provider": "provider[\"registry.terraform.io/hashicorp/google\"]",
      "instances": [
        {
          "schema_version": 0,
          "attributes": {
            "address": "34.120.102.249",
            "address_type": "EXTERNAL",
            "creation_timestamp": "2022-12-07T04:19:31.902-08:00",
            "description": "",
            "id": "projects/ms-gcp-g-i-cze-d-dev/global/addresses/test-backend-static-address",
            "ip_version": "",
            "name": "test-backend-static-address",
            "network": "",
            "prefix_length": 0,
            "project": "ms-gcp-g-i-cze-d-dev",
            "purpose": "",
            "self_link": "https://www.googleapis.com/compute/v1/projects/ms-gcp-g-i-cze-d-dev/global/addresses/test-backend-static-address",
            "timeouts": null
          },
          "sensitive_attributes": [],
          "private": "eyJlMmJmYjczMC1lY2FhLTExZTYtOGY4OC0zNDM2M2JjN2M0YzAiOnsiY3JlYXRlIjoxMjAwMDAwMDAwMDAwLCJkZWxldGUiOjEyMDAwMDAwMDAwMDB9fQ==",
          "dependencies": [
            "module.custom-vpc.google_compute_firewall.allow_health_check",
            "module.custom-vpc.google_compute_firewall.allow_icmp",
            "module.custom-vpc.google_compute_firewall.allow_internal",
            "module.custom-vpc.google_compute_firewall.pre_populated",
            "module.custom-vpc.google_compute_network.terraform_vpc",
            "module.custom-vpc.google_compute_subnetwork.terraform_subnet",
            "module.managed-group.google_compute_autoscaler.autoscaler",
            "module.managed-group.google_compute_instance_group_manager.terraform_instance_group",
            "module.managed-group.google_compute_instance_template.terraform_test_template"
          ]
        }
      ]
    },
    {
      "module": "module.global-http-lb",
      "mode": "managed",
      "type": "google_compute_global_forwarding_rule",
      "name": "http",
      "provider": "provider[\"registry.terraform.io/hashicorp/google\"]",
      "instances": [
        {
          "index_key": 0,
          "schema_version": 0,
          "attributes": {
            "description": "",
            "id": "projects/ms-gcp-g-i-cze-d-dev/global/forwardingRules/test-backend-http-fwd-rule",
            "ip_address": "projects/ms-gcp-g-i-cze-d-dev/global/addresses/test-backend-static-address",
            "ip_protocol": "TCP",
            "ip_version": "",
            "label_fingerprint": "42WmSpB8rSM=",
            "labels": null,
            "load_balancing_scheme": "EXTERNAL",
            "metadata_filters": [],
            "name": "test-backend-http-fwd-rule",
            "network": "",
            "port_range": "80",
            "project": "ms-gcp-g-i-cze-d-dev",
            "psc_connection_id": "",
            "psc_connection_status": "",
            "self_link": "https://www.googleapis.com/compute/v1/projects/ms-gcp-g-i-cze-d-dev/global/forwardingRules/test-backend-http-fwd-rule",
            "target": "https://www.googleapis.com/compute/v1/projects/ms-gcp-g-i-cze-d-dev/global/targetHttpProxies/test-backend-http-proxy",
            "timeouts": null
          },
          "sensitive_attributes": [],
          "private": "eyJlMmJmYjczMC1lY2FhLTExZTYtOGY4OC0zNDM2M2JjN2M0YzAiOnsiY3JlYXRlIjoxMjAwMDAwMDAwMDAwLCJkZWxldGUiOjEyMDAwMDAwMDAwMDAsInVwZGF0ZSI6MTIwMDAwMDAwMDAwMH19",
          "dependencies": [
            "module.custom-vpc.google_compute_firewall.allow_health_check",
            "module.custom-vpc.google_compute_firewall.allow_icmp",
            "module.custom-vpc.google_compute_firewall.allow_internal",
            "module.custom-vpc.google_compute_firewall.pre_populated",
            "module.custom-vpc.google_compute_network.terraform_vpc",
            "module.custom-vpc.google_compute_subnetwork.terraform_subnet",
            "module.global-http-lb.google_compute_backend_service.test_backend_service",
            "module.global-http-lb.google_compute_global_address.static_ip",
            "module.global-http-lb.google_compute_health_check.http_health_check",
            "module.global-http-lb.google_compute_security_policy.backend_security_policy",
            "module.global-http-lb.google_compute_target_http_proxy.http_target_proxy",
            "module.global-http-lb.google_compute_url_map.url_map",
            "module.managed-group.google_compute_autoscaler.autoscaler",
            "module.managed-group.google_compute_instance_group_manager.terraform_instance_group",
            "module.managed-group.google_compute_instance_template.terraform_test_template"
          ]
        }
      ]
    },
    {
      "module": "module.global-http-lb",
      "mode": "managed",
      "type": "google_compute_health_check",
      "name": "http_health_check",
      "provider": "provider[\"registry.terraform.io/hashicorp/google\"]",
      "instances": [
        {
          "schema_version": 0,
          "attributes": {
            "check_interval_sec": 5,
            "creation_timestamp": "2022-12-07T04:19:32.049-08:00",
            "description": "",
            "grpc_health_check": [],
            "healthy_threshold": 2,
            "http2_health_check": [],
            "http_health_check": [
              {
                "host": "",
                "port": 80,
                "port_name": "",
                "port_specification": "",
                "proxy_header": "NONE",
                "request_path": "/",
                "response": ""
              }
            ],
            "https_health_check": [],
            "id": "projects/ms-gcp-g-i-cze-d-dev/global/healthChecks/test-backend-http-health-check",
            "log_config": [
              {
                "enable": false
              }
            ],
            "name": "test-backend-http-health-check",
            "project": "ms-gcp-g-i-cze-d-dev",
            "self_link": "https://www.googleapis.com/compute/v1/projects/ms-gcp-g-i-cze-d-dev/global/healthChecks/test-backend-http-health-check",
            "ssl_health_check": [],
            "tcp_health_check": [],
            "timeout_sec": 5,
            "timeouts": null,
            "type": "HTTP",
            "unhealthy_threshold": 2
          },
          "sensitive_attributes": [],
          "private": "eyJlMmJmYjczMC1lY2FhLTExZTYtOGY4OC0zNDM2M2JjN2M0YzAiOnsiY3JlYXRlIjoxMjAwMDAwMDAwMDAwLCJkZWxldGUiOjEyMDAwMDAwMDAwMDAsInVwZGF0ZSI6MTIwMDAwMDAwMDAwMH19",
          "dependencies": [
            "module.custom-vpc.google_compute_firewall.allow_health_check",
            "module.custom-vpc.google_compute_firewall.allow_icmp",
            "module.custom-vpc.google_compute_firewall.allow_internal",
            "module.custom-vpc.google_compute_firewall.pre_populated",
            "module.custom-vpc.google_compute_network.terraform_vpc",
            "module.custom-vpc.google_compute_subnetwork.terraform_subnet",
            "module.managed-group.google_compute_autoscaler.autoscaler",
            "module.managed-group.google_compute_instance_group_manager.terraform_instance_group",
            "module.managed-group.google_compute_instance_template.terraform_test_template"
          ]
        }
      ]
    },
    {
      "module": "module.global-http-lb",
      "mode": "managed",
      "type": "google_compute_security_policy",
      "name": "backend_security_policy",
      "provider": "provider[\"registry.terraform.io/hashicorp/google\"]",
      "instances": [
        {
          "schema_version": 0,
          "attributes": {
            "adaptive_protection_config": [],
            "advanced_options_config": [],
            "description": "",
            "fingerprint": "pfyM2wp8NUg=",
            "id": "projects/ms-gcp-g-i-cze-d-dev/global/securityPolicies/test-security-policy",
            "name": "test-security-policy",
            "project": "ms-gcp-g-i-cze-d-dev",
            "rule": [
              {
                "action": "allow",
                "description": "allow access to the specific IP's as needed",
                "match": [
                  {
                    "config": [
                      {
                        "src_ip_ranges": [
                          "9.9.9.0/24"
                        ]
                      }
                    ],
                    "expr": [],
                    "versioned_expr": "SRC_IPS_V1"
                  }
                ],
                "preview": false,
                "priority": 1000,
                "rate_limit_options": [],
                "redirect_options": []
              },
              {
                "action": "deny(403)",
                "description": "Deny access to all by default",
                "match": [
                  {
                    "config": [
                      {
                        "src_ip_ranges": [
                          "*"
                        ]
                      }
                    ],
                    "expr": [],
                    "versioned_expr": "SRC_IPS_V1"
                  }
                ],
                "preview": false,
                "priority": 2147483647,
                "rate_limit_options": [],
                "redirect_options": []
              }
            ],
            "self_link": "https://www.googleapis.com/compute/v1/projects/ms-gcp-g-i-cze-d-dev/global/securityPolicies/test-security-policy",
            "timeouts": null,
            "type": "CLOUD_ARMOR"
          },
          "sensitive_attributes": [],
          "private": "eyJlMmJmYjczMC1lY2FhLTExZTYtOGY4OC0zNDM2M2JjN2M0YzAiOnsiY3JlYXRlIjoyNDAwMDAwMDAwMDAsImRlbGV0ZSI6MjQwMDAwMDAwMDAwLCJ1cGRhdGUiOjI0MDAwMDAwMDAwMH19",
          "dependencies": [
            "module.custom-vpc.google_compute_firewall.allow_health_check",
            "module.custom-vpc.google_compute_firewall.allow_icmp",
            "module.custom-vpc.google_compute_firewall.allow_internal",
            "module.custom-vpc.google_compute_firewall.pre_populated",
            "module.custom-vpc.google_compute_network.terraform_vpc",
            "module.custom-vpc.google_compute_subnetwork.terraform_subnet",
            "module.managed-group.google_compute_autoscaler.autoscaler",
            "module.managed-group.google_compute_instance_group_manager.terraform_instance_group",
            "module.managed-group.google_compute_instance_template.terraform_test_template"
          ]
        }
      ]
    },
    {
      "module": "module.global-http-lb",
      "mode": "managed",
      "type": "google_compute_target_http_proxy",
      "name": "http_target_proxy",
      "provider": "provider[\"registry.terraform.io/hashicorp/google\"]",
      "instances": [
        {
          "index_key": 0,
          "schema_version": 0,
          "attributes": {
            "creation_timestamp": "2022-12-07T04:20:41.797-08:00",
            "description": "",
            "id": "projects/ms-gcp-g-i-cze-d-dev/global/targetHttpProxies/test-backend-http-proxy",
            "name": "test-backend-http-proxy",
            "project": "ms-gcp-g-i-cze-d-dev",
            "proxy_bind": false,
            "proxy_id": 4960551208440642550,
            "self_link": "https://www.googleapis.com/compute/v1/projects/ms-gcp-g-i-cze-d-dev/global/targetHttpProxies/test-backend-http-proxy",
            "timeouts": null,
            "url_map": "https://www.googleapis.com/compute/v1/projects/ms-gcp-g-i-cze-d-dev/global/urlMaps/test-backend-http"
          },
          "sensitive_attributes": [],
          "private": "eyJlMmJmYjczMC1lY2FhLTExZTYtOGY4OC0zNDM2M2JjN2M0YzAiOnsiY3JlYXRlIjoxMjAwMDAwMDAwMDAwLCJkZWxldGUiOjEyMDAwMDAwMDAwMDAsInVwZGF0ZSI6MTIwMDAwMDAwMDAwMH19",
          "dependencies": [
            "module.custom-vpc.google_compute_firewall.allow_health_check",
            "module.custom-vpc.google_compute_firewall.allow_icmp",
            "module.custom-vpc.google_compute_firewall.allow_internal",
            "module.custom-vpc.google_compute_firewall.pre_populated",
            "module.custom-vpc.google_compute_network.terraform_vpc",
            "module.custom-vpc.google_compute_subnetwork.terraform_subnet",
            "module.global-http-lb.google_compute_backend_service.test_backend_service",
            "module.global-http-lb.google_compute_health_check.http_health_check",
            "module.global-http-lb.google_compute_security_policy.backend_security_policy",
            "module.global-http-lb.google_compute_url_map.url_map",
            "module.managed-group.google_compute_autoscaler.autoscaler",
            "module.managed-group.google_compute_instance_group_manager.terraform_instance_group",
            "module.managed-group.google_compute_instance_template.terraform_test_template"
          ]
        }
      ]
    },
    {
      "module": "module.global-http-lb",
      "mode": "managed",
      "type": "google_compute_url_map",
      "name": "url_map",
      "provider": "provider[\"registry.terraform.io/hashicorp/google\"]",
      "instances": [
        {
          "schema_version": 0,
          "attributes": {
            "creation_timestamp": "2022-12-07T04:20:29.740-08:00",
            "default_route_action": [],
            "default_service": "https://www.googleapis.com/compute/v1/projects/ms-gcp-g-i-cze-d-dev/global/backendServices/test-backend-service-1",
            "default_url_redirect": [],
            "description": "",
            "fingerprint": "8aIXfmabLLQ=",
            "header_action": [],
            "host_rule": [
              {
                "description": "",
                "hosts": [
                  "mysite.com"
                ],
                "path_matcher": "mysite"
              }
            ],
            "id": "projects/ms-gcp-g-i-cze-d-dev/global/urlMaps/test-backend-http",
            "map_id": 1817122038146218978,
            "name": "test-backend-http",
            "path_matcher": [
              {
                "default_route_action": [],
                "default_service": "https://www.googleapis.com/compute/v1/projects/ms-gcp-g-i-cze-d-dev/global/backendServices/test-backend-service-1",
                "default_url_redirect": [],
                "description": "",
                "header_action": [],
                "name": "mysite",
                "path_rule": [
                  {
                    "paths": [
                      "/nginx"
                    ],
                    "route_action": [],
                    "service": "https://www.googleapis.com/compute/v1/projects/ms-gcp-g-i-cze-d-dev/global/backendServices/test-backend-service-2",
                    "url_redirect": []
                  }
                ],
                "route_rules": []
              }
            ],
            "project": "ms-gcp-g-i-cze-d-dev",
            "self_link": "https://www.googleapis.com/compute/v1/projects/ms-gcp-g-i-cze-d-dev/global/urlMaps/test-backend-http",
            "test": [],
            "timeouts": null
          },
          "sensitive_attributes": [],
          "private": "eyJlMmJmYjczMC1lY2FhLTExZTYtOGY4OC0zNDM2M2JjN2M0YzAiOnsiY3JlYXRlIjoxMjAwMDAwMDAwMDAwLCJkZWxldGUiOjEyMDAwMDAwMDAwMDAsInVwZGF0ZSI6MTIwMDAwMDAwMDAwMH19",
          "dependencies": [
            "module.custom-vpc.google_compute_firewall.allow_health_check",
            "module.custom-vpc.google_compute_firewall.allow_icmp",
            "module.custom-vpc.google_compute_firewall.allow_internal",
            "module.custom-vpc.google_compute_firewall.pre_populated",
            "module.custom-vpc.google_compute_network.terraform_vpc",
            "module.custom-vpc.google_compute_subnetwork.terraform_subnet",
            "module.global-http-lb.google_compute_backend_service.test_backend_service",
            "module.global-http-lb.google_compute_health_check.http_health_check",
            "module.global-http-lb.google_compute_security_policy.backend_security_policy",
            "module.managed-group.google_compute_autoscaler.autoscaler",
            "module.managed-group.google_compute_instance_group_manager.terraform_instance_group",
            "module.managed-group.google_compute_instance_template.terraform_test_template"
          ]
        }
      ]
    },
    {
      "module": "module.managed-group",
      "mode": "managed",
      "type": "google_compute_autoscaler",
      "name": "autoscaler",
      "provider": "provider[\"registry.terraform.io/hashicorp/google\"]",
      "instances": [
        {
          "index_key": 0,
          "schema_version": 0,
          "attributes": {
            "autoscaling_policy": [
              {
                "cooldown_period": 60,
                "cpu_utilization": [
                  {
                    "predictive_method": "NONE",
                    "target": 0.8
                  }
                ],
                "load_balancing_utilization": [],
                "max_replicas": 3,
                "metric": [],
                "min_replicas": 1,
                "mode": "ON",
                "scale_in_control": [],
                "scaling_schedules": []
              }
            ],
            "creation_timestamp": "2022-12-07T04:19:27.101-08:00",
            "description": "",
            "id": "projects/ms-gcp-g-i-cze-d-dev/zones/europe-north1-b/autoscalers/mig-1-autoscaler",
            "name": "mig-1-autoscaler",
            "project": "ms-gcp-g-i-cze-d-dev",
            "self_link": "https://www.googleapis.com/compute/v1/projects/ms-gcp-g-i-cze-d-dev/zones/europe-north1-b/autoscalers/mig-1-autoscaler",
            "target": "https://www.googleapis.com/compute/v1/projects/ms-gcp-g-i-cze-d-dev/zones/europe-north1-b/instanceGroupManagers/mig-1",
            "timeouts": null,
            "zone": "https://www.googleapis.com/compute/v1/projects/ms-gcp-g-i-cze-d-dev/zones/europe-north1-b"
          },
          "sensitive_attributes": [],
          "private": "eyJlMmJmYjczMC1lY2FhLTExZTYtOGY4OC0zNDM2M2JjN2M0YzAiOnsiY3JlYXRlIjoxMjAwMDAwMDAwMDAwLCJkZWxldGUiOjEyMDAwMDAwMDAwMDAsInVwZGF0ZSI6MTIwMDAwMDAwMDAwMH19",
          "dependencies": [
            "module.custom-vpc.google_compute_firewall.allow_health_check",
            "module.custom-vpc.google_compute_firewall.allow_icmp",
            "module.custom-vpc.google_compute_firewall.allow_internal",
            "module.custom-vpc.google_compute_firewall.pre_populated",
            "module.custom-vpc.google_compute_network.terraform_vpc",
            "module.custom-vpc.google_compute_subnetwork.terraform_subnet",
            "module.managed-group.google_compute_instance_group_manager.terraform_instance_group",
            "module.managed-group.google_compute_instance_template.terraform_test_template"
          ]
        },
        {
          "index_key": 1,
          "schema_version": 0,
          "attributes": {
            "autoscaling_policy": [
              {
                "cooldown_period": 60,
                "cpu_utilization": [
                  {
                    "predictive_method": "NONE",
                    "target": 0.8
                  }
                ],
                "load_balancing_utilization": [],
                "max_replicas": 3,
                "metric": [],
                "min_replicas": 1,
                "mode": "ON",
                "scale_in_control": [],
                "scaling_schedules": []
              }
            ],
            "creation_timestamp": "2022-12-07T04:19:26.245-08:00",
            "description": "",
            "id": "projects/ms-gcp-g-i-cze-d-dev/zones/us-west1-b/autoscalers/mig-2-autoscaler",
            "name": "mig-2-autoscaler",
            "project": "ms-gcp-g-i-cze-d-dev",
            "self_link": "https://www.googleapis.com/compute/v1/projects/ms-gcp-g-i-cze-d-dev/zones/us-west1-b/autoscalers/mig-2-autoscaler",
            "target": "https://www.googleapis.com/compute/v1/projects/ms-gcp-g-i-cze-d-dev/zones/us-west1-b/instanceGroupManagers/mig-2",
            "timeouts": null,
            "zone": "https://www.googleapis.com/compute/v1/projects/ms-gcp-g-i-cze-d-dev/zones/us-west1-b"
          },
          "sensitive_attributes": [],
          "private": "eyJlMmJmYjczMC1lY2FhLTExZTYtOGY4OC0zNDM2M2JjN2M0YzAiOnsiY3JlYXRlIjoxMjAwMDAwMDAwMDAwLCJkZWxldGUiOjEyMDAwMDAwMDAwMDAsInVwZGF0ZSI6MTIwMDAwMDAwMDAwMH19",
          "dependencies": [
            "module.custom-vpc.google_compute_firewall.allow_health_check",
            "module.custom-vpc.google_compute_firewall.allow_icmp",
            "module.custom-vpc.google_compute_firewall.allow_internal",
            "module.custom-vpc.google_compute_firewall.pre_populated",
            "module.custom-vpc.google_compute_network.terraform_vpc",
            "module.custom-vpc.google_compute_subnetwork.terraform_subnet",
            "module.managed-group.google_compute_instance_group_manager.terraform_instance_group",
            "module.managed-group.google_compute_instance_template.terraform_test_template"
          ]
        }
      ]
    },
    {
      "module": "module.managed-group",
      "mode": "managed",
      "type": "google_compute_instance_group_manager",
      "name": "terraform_instance_group",
      "provider": "provider[\"registry.terraform.io/hashicorp/google\"]",
      "instances": [
        {
          "index_key": 0,
          "schema_version": 0,
          "attributes": {
            "auto_healing_policies": [],
            "base_instance_name": "backend-mig-1",
            "description": "",
            "fingerprint": "D4ycRyhkyDY=",
            "id": "projects/ms-gcp-g-i-cze-d-dev/zones/europe-north1-b/instanceGroupManagers/mig-1",
            "instance_group": "https://www.googleapis.com/compute/v1/projects/ms-gcp-g-i-cze-d-dev/zones/europe-north1-b/instanceGroups/mig-1",
            "name": "mig-1",
            "named_port": [],
            "operation": null,
            "project": "ms-gcp-g-i-cze-d-dev",
            "self_link": "https://www.googleapis.com/compute/v1/projects/ms-gcp-g-i-cze-d-dev/zones/europe-north1-b/instanceGroupManagers/mig-1",
            "stateful_disk": [],
            "status": [
              {
                "is_stable": true,
                "stateful": [
                  {
                    "has_stateful_config": false,
                    "per_instance_configs": [
                      {
                        "all_effective": true
                      }
                    ]
                  }
                ],
                "version_target": [
                  {
                    "is_reached": true
                  }
                ]
              }
            ],
            "target_pools": null,
            "target_size": 0,
            "timeouts": null,
            "update_policy": [
              {
                "max_surge_fixed": 1,
                "max_surge_percent": 0,
                "max_unavailable_fixed": 1,
                "max_unavailable_percent": 0,
                "minimal_action": "REPLACE",
                "most_disruptive_allowed_action": "",
                "replacement_method": "SUBSTITUTE",
                "type": "OPPORTUNISTIC"
              }
            ],
            "version": [
              {
                "instance_template": "https://www.googleapis.com/compute/v1/projects/ms-gcp-g-i-cze-d-dev/global/instanceTemplates/test-temp-1",
                "name": "mig-template-1",
                "target_size": []
              }
            ],
            "wait_for_instances": false,
            "wait_for_instances_status": "STABLE",
            "zone": "europe-north1-b"
          },
          "sensitive_attributes": [],
          "private": "eyJlMmJmYjczMC1lY2FhLTExZTYtOGY4OC0zNDM2M2JjN2M0YzAiOnsiY3JlYXRlIjo5MDAwMDAwMDAwMDAsImRlbGV0ZSI6OTAwMDAwMDAwMDAwLCJ1cGRhdGUiOjkwMDAwMDAwMDAwMH19",
          "dependencies": [
            "module.custom-vpc.google_compute_firewall.allow_health_check",
            "module.custom-vpc.google_compute_firewall.allow_icmp",
            "module.custom-vpc.google_compute_firewall.allow_internal",
            "module.custom-vpc.google_compute_firewall.pre_populated",
            "module.custom-vpc.google_compute_network.terraform_vpc",
            "module.custom-vpc.google_compute_subnetwork.terraform_subnet",
            "module.managed-group.google_compute_instance_template.terraform_test_template"
          ]
        },
        {
          "index_key": 1,
          "schema_version": 0,
          "attributes": {
            "auto_healing_policies": [],
            "base_instance_name": "backend-mig-2",
            "description": "",
            "fingerprint": "h6W9A12xN98=",
            "id": "projects/ms-gcp-g-i-cze-d-dev/zones/us-west1-b/instanceGroupManagers/mig-2",
            "instance_group": "https://www.googleapis.com/compute/v1/projects/ms-gcp-g-i-cze-d-dev/zones/us-west1-b/instanceGroups/mig-2",
            "name": "mig-2",
            "named_port": [],
            "operation": null,
            "project": "ms-gcp-g-i-cze-d-dev",
            "self_link": "https://www.googleapis.com/compute/v1/projects/ms-gcp-g-i-cze-d-dev/zones/us-west1-b/instanceGroupManagers/mig-2",
            "stateful_disk": [],
            "status": [
              {
                "is_stable": true,
                "stateful": [
                  {
                    "has_stateful_config": false,
                    "per_instance_configs": [
                      {
                        "all_effective": true
                      }
                    ]
                  }
                ],
                "version_target": [
                  {
                    "is_reached": true
                  }
                ]
              }
            ],
            "target_pools": null,
            "target_size": 0,
            "timeouts": null,
            "update_policy": [
              {
                "max_surge_fixed": 1,
                "max_surge_percent": 0,
                "max_unavailable_fixed": 1,
                "max_unavailable_percent": 0,
                "minimal_action": "REPLACE",
                "most_disruptive_allowed_action": "",
                "replacement_method": "SUBSTITUTE",
                "type": "OPPORTUNISTIC"
              }
            ],
            "version": [
              {
                "instance_template": "https://www.googleapis.com/compute/v1/projects/ms-gcp-g-i-cze-d-dev/global/instanceTemplates/test-temp-2",
                "name": "mig-template-2",
                "target_size": []
              }
            ],
            "wait_for_instances": false,
            "wait_for_instances_status": "STABLE",
            "zone": "us-west1-b"
          },
          "sensitive_attributes": [],
          "private": "eyJlMmJmYjczMC1lY2FhLTExZTYtOGY4OC0zNDM2M2JjN2M0YzAiOnsiY3JlYXRlIjo5MDAwMDAwMDAwMDAsImRlbGV0ZSI6OTAwMDAwMDAwMDAwLCJ1cGRhdGUiOjkwMDAwMDAwMDAwMH19",
          "dependencies": [
            "module.custom-vpc.google_compute_firewall.allow_health_check",
            "module.custom-vpc.google_compute_firewall.allow_icmp",
            "module.custom-vpc.google_compute_firewall.allow_internal",
            "module.custom-vpc.google_compute_firewall.pre_populated",
            "module.custom-vpc.google_compute_network.terraform_vpc",
            "module.custom-vpc.google_compute_subnetwork.terraform_subnet",
            "module.managed-group.google_compute_instance_template.terraform_test_template"
          ]
        }
      ]
    },
    {
      "module": "module.managed-group",
      "mode": "managed",
      "type": "google_compute_instance_template",
      "name": "terraform_test_template",
      "provider": "provider[\"registry.terraform.io/hashicorp/google\"]",
      "instances": [
        {
          "index_key": 0,
          "schema_version": 1,
          "attributes": {
            "advanced_machine_features": [],
            "can_ip_forward": false,
            "confidential_instance_config": null,
            "description": "",
            "disk": [
              {
                "auto_delete": true,
                "boot": true,
                "device_name": "persistent-disk-0",
                "disk_encryption_key": [],
                "disk_name": "",
                "disk_size_gb": 0,
                "disk_type": "pd-standard",
                "interface": "SCSI",
                "labels": null,
                "mode": "READ_WRITE",
                "resource_policies": null,
                "source": "",
                "source_image": "projects/debian-cloud/global/images/family/debian-11",
                "type": "PERSISTENT"
              }
            ],
            "guest_accelerator": [],
            "id": "projects/ms-gcp-g-i-cze-d-dev/global/instanceTemplates/test-temp-1",
            "instance_description": "",
            "labels": null,
            "machine_type": "f1-micro",
            "metadata": {
              "startup-script": "#! /bin/bash\n     sudo apt-get update\n     sudo apt-get install nginx -y\n"
            },
            "metadata_fingerprint": "UKjEKf0ikp8=",
            "metadata_startup_script": null,
            "min_cpu_platform": "",
            "name": "test-temp-1",
            "name_prefix": null,
            "network_interface": [
              {
                "access_config": [
                  {
                    "nat_ip": "",
                    "network_tier": "PREMIUM",
                    "public_ptr_domain_name": ""
                  }
                ],
                "alias_ip_range": [],
                "ipv6_access_config": [],
                "ipv6_access_type": "",
                "name": "nic0",
                "network": "https://www.googleapis.com/compute/v1/projects/ms-gcp-g-i-cze-d-dev/global/networks/test-vpc",
                "network_ip": "",
                "nic_type": "",
                "queue_count": 0,
                "stack_type": "",
                "subnetwork": "https://www.googleapis.com/compute/v1/projects/ms-gcp-g-i-cze-d-dev/regions/europe-north1/subnetworks/vpc-sub-1",
                "subnetwork_project": "ms-gcp-g-i-cze-d-dev"
              }
            ],
            "project": "ms-gcp-g-i-cze-d-dev",
            "region": "europe-north1",
            "reservation_affinity": [],
            "scheduling": [
              {
                "automatic_restart": true,
                "instance_termination_action": "",
                "min_node_cpus": 0,
                "node_affinities": [],
                "on_host_maintenance": "MIGRATE",
                "preemptible": false,
                "provisioning_model": "STANDARD"
              }
            ],
            "self_link": "https://www.googleapis.com/compute/v1/projects/ms-gcp-g-i-cze-d-dev/global/instanceTemplates/test-temp-1",
            "service_account": [],
            "shielded_instance_config": [],
            "tags": [
              "allow-health-check",
              "allow-http",
              "allow-https",
              "allow-icmp",
              "allow-rdp",
              "allow-ssh"
            ],
            "tags_fingerprint": "",
            "timeouts": null
          },
          "sensitive_attributes": [],
          "private": "eyJlMmJmYjczMC1lY2FhLTExZTYtOGY4OC0zNDM2M2JjN2M0YzAiOnsiY3JlYXRlIjoyNDAwMDAwMDAwMDAsImRlbGV0ZSI6MjQwMDAwMDAwMDAwfSwic2NoZW1hX3ZlcnNpb24iOiIxIn0=",
          "dependencies": [
            "module.custom-vpc.google_compute_firewall.allow_health_check",
            "module.custom-vpc.google_compute_firewall.allow_icmp",
            "module.custom-vpc.google_compute_firewall.allow_internal",
            "module.custom-vpc.google_compute_firewall.pre_populated",
            "module.custom-vpc.google_compute_network.terraform_vpc",
            "module.custom-vpc.google_compute_subnetwork.terraform_subnet"
          ]
        },
        {
          "index_key": 1,
          "schema_version": 1,
          "attributes": {
            "advanced_machine_features": [],
            "can_ip_forward": false,
            "confidential_instance_config": null,
            "description": "",
            "disk": [
              {
                "auto_delete": true,
                "boot": true,
                "device_name": "persistent-disk-0",
                "disk_encryption_key": [],
                "disk_name": "",
                "disk_size_gb": 0,
                "disk_type": "pd-standard",
                "interface": "SCSI",
                "labels": null,
                "mode": "READ_WRITE",
                "resource_policies": null,
                "source": "",
                "source_image": "projects/debian-cloud/global/images/family/debian-11",
                "type": "PERSISTENT"
              }
            ],
            "guest_accelerator": [],
            "id": "projects/ms-gcp-g-i-cze-d-dev/global/instanceTemplates/test-temp-2",
            "instance_description": "",
            "labels": null,
            "machine_type": "f1-micro",
            "metadata": {
              "startup-script": "#! /bin/bash\n     sudo apt-get update\n     sudo apt-get install nginx -y\n"
            },
            "metadata_fingerprint": "UKjEKf0ikp8=",
            "metadata_startup_script": null,
            "min_cpu_platform": "",
            "name": "test-temp-2",
            "name_prefix": null,
            "network_interface": [
              {
                "access_config": [
                  {
                    "nat_ip": "",
                    "network_tier": "PREMIUM",
                    "public_ptr_domain_name": ""
                  }
                ],
                "alias_ip_range": [],
                "ipv6_access_config": [],
                "ipv6_access_type": "",
                "name": "nic0",
                "network": "https://www.googleapis.com/compute/v1/projects/ms-gcp-g-i-cze-d-dev/global/networks/test-vpc",
                "network_ip": "",
                "nic_type": "",
                "queue_count": 0,
                "stack_type": "",
                "subnetwork": "https://www.googleapis.com/compute/v1/projects/ms-gcp-g-i-cze-d-dev/regions/us-west1/subnetworks/vpc-sub-2",
                "subnetwork_project": "ms-gcp-g-i-cze-d-dev"
              }
            ],
            "project": "ms-gcp-g-i-cze-d-dev",
            "region": "us-west1",
            "reservation_affinity": [],
            "scheduling": [
              {
                "automatic_restart": true,
                "instance_termination_action": "",
                "min_node_cpus": 0,
                "node_affinities": [],
                "on_host_maintenance": "MIGRATE",
                "preemptible": false,
                "provisioning_model": "STANDARD"
              }
            ],
            "self_link": "https://www.googleapis.com/compute/v1/projects/ms-gcp-g-i-cze-d-dev/global/instanceTemplates/test-temp-2",
            "service_account": [],
            "shielded_instance_config": [],
            "tags": [
              "allow-health-check",
              "allow-http",
              "allow-https",
              "allow-icmp",
              "allow-rdp",
              "allow-ssh"
            ],
            "tags_fingerprint": "",
            "timeouts": null
          },
          "sensitive_attributes": [],
          "private": "eyJlMmJmYjczMC1lY2FhLTExZTYtOGY4OC0zNDM2M2JjN2M0YzAiOnsiY3JlYXRlIjoyNDAwMDAwMDAwMDAsImRlbGV0ZSI6MjQwMDAwMDAwMDAwfSwic2NoZW1hX3ZlcnNpb24iOiIxIn0=",
          "dependencies": [
            "module.custom-vpc.google_compute_firewall.allow_health_check",
            "module.custom-vpc.google_compute_firewall.allow_icmp",
            "module.custom-vpc.google_compute_firewall.allow_internal",
            "module.custom-vpc.google_compute_firewall.pre_populated",
            "module.custom-vpc.google_compute_network.terraform_vpc",
            "module.custom-vpc.google_compute_subnetwork.terraform_subnet"
          ]
        }
      ]
    }
  ]
}
