{
  "version": 4,
  "terraform_version": "1.2.4",
  "serial": 9,
  "lineage": "b16c263a-73df-1dfb-a0b3-c49bdca28a93",
  "outputs": {},
  "resources": [
    {
      "module": "module.kms_key",
      "mode": "managed",
      "type": "google_kms_crypto_key",
      "name": "crypto_key",
      "provider": "provider[\"registry.terraform.io/hashicorp/google\"]",
      "instances": [
        {
          "index_key": 0,
          "schema_version": 1,
          "attributes": {
            "destroy_scheduled_duration": "86400s",
            "id": "projects/lunar-subject-364714/locations/europe/keyRings/test-keyring/cryptoKeys/test-key-01",
            "import_only": false,
            "key_ring": "projects/lunar-subject-364714/locations/europe/keyRings/test-keyring",
            "labels": {},
            "name": "test-key-01",
            "purpose": "ENCRYPT_DECRYPT",
            "rotation_period": "100000s",
            "skip_initial_version_creation": false,
            "timeouts": null,
            "version_template": [
              {
                "algorithm": "GOOGLE_SYMMETRIC_ENCRYPTION",
                "protection_level": "HSM"
              }
            ]
          },
          "sensitive_attributes": [],
          "private": "eyJlMmJmYjczMC1lY2FhLTExZTYtOGY4OC0zNDM2M2JjN2M0YzAiOnsiY3JlYXRlIjoxMjAwMDAwMDAwMDAwLCJkZWxldGUiOjEyMDAwMDAwMDAwMDAsInVwZGF0ZSI6MTIwMDAwMDAwMDAwMH0sInNjaGVtYV92ZXJzaW9uIjoiMSJ9",
          "dependencies": [
            "module.kms_key.google_kms_key_ring.key_ring"
          ]
        },
        {
          "index_key": 1,
          "schema_version": 1,
          "attributes": {
            "destroy_scheduled_duration": "86400s",
            "id": "projects/lunar-subject-364714/locations/europe/keyRings/test-keyring/cryptoKeys/test-key-02",
            "import_only": false,
            "key_ring": "projects/lunar-subject-364714/locations/europe/keyRings/test-keyring",
            "labels": {},
            "name": "test-key-02",
            "purpose": "ENCRYPT_DECRYPT",
            "rotation_period": "100000s",
            "skip_initial_version_creation": false,
            "timeouts": null,
            "version_template": [
              {
                "algorithm": "GOOGLE_SYMMETRIC_ENCRYPTION",
                "protection_level": "HSM"
              }
            ]
          },
          "sensitive_attributes": [],
          "private": "eyJlMmJmYjczMC1lY2FhLTExZTYtOGY4OC0zNDM2M2JjN2M0YzAiOnsiY3JlYXRlIjoxMjAwMDAwMDAwMDAwLCJkZWxldGUiOjEyMDAwMDAwMDAwMDAsInVwZGF0ZSI6MTIwMDAwMDAwMDAwMH0sInNjaGVtYV92ZXJzaW9uIjoiMSJ9",
          "dependencies": [
            "module.kms_key.google_kms_key_ring.key_ring"
          ]
        }
      ]
    },
    {
      "module": "module.kms_key",
      "mode": "managed",
      "type": "google_kms_crypto_key_iam_binding",
      "name": "owners",
      "provider": "provider[\"registry.terraform.io/hashicorp/google\"]",
      "instances": [
        {
          "index_key": 0,
          "schema_version": 0,
          "attributes": {
            "condition": [],
            "crypto_key_id": "projects/lunar-subject-364714/locations/europe/keyRings/test-keyring/cryptoKeys/test-key-01",
            "etag": "BwXvU7IxIHU=",
            "id": "projects/lunar-subject-364714/locations/europe/keyRings/test-keyring/cryptoKeys/test-key-01/roles/owner",
            "members": [
              "user:manjushree196@gmail.com"
            ],
            "role": "roles/owner"
          },
          "sensitive_attributes": [],
          "private": "bnVsbA==",
          "dependencies": [
            "module.kms_key.google_kms_crypto_key.crypto_key"
          ]
        },
        {
          "index_key": 1,
          "schema_version": 0,
          "attributes": {
            "condition": [],
            "crypto_key_id": "projects/lunar-subject-364714/locations/europe/keyRings/test-keyring/cryptoKeys/test-key-02",
            "etag": "BwXvU7JLK0o=",
            "id": "projects/lunar-subject-364714/locations/europe/keyRings/test-keyring/cryptoKeys/test-key-02/roles/owner",
            "members": [
              "user:satyajeet0606@gmail.com"
            ],
            "role": "roles/owner"
          },
          "sensitive_attributes": [],
          "private": "bnVsbA==",
          "dependencies": [
            "module.kms_key.google_kms_crypto_key.crypto_key"
          ]
        }
      ]
    },
    {
      "module": "module.kms_key",
      "mode": "managed",
      "type": "google_kms_key_ring",
      "name": "key_ring",
      "provider": "provider[\"registry.terraform.io/hashicorp/google\"]",
      "instances": [
        {
          "schema_version": 0,
          "attributes": {
            "id": "projects/lunar-subject-364714/locations/europe/keyRings/test-keyring",
            "location": "europe",
            "name": "test-keyring",
            "project": "lunar-subject-364714",
            "timeouts": null
          },
          "sensitive_attributes": [],
          "private": "eyJlMmJmYjczMC1lY2FhLTExZTYtOGY4OC0zNDM2M2JjN2M0YzAiOnsiY3JlYXRlIjoxMjAwMDAwMDAwMDAwLCJkZWxldGUiOjEyMDAwMDAwMDAwMDB9fQ=="
        }
      ]
    }
  ]
}
